
Microsoft Visual Studio Solution File, Format Version 12.00
# Visual Studio Version 17
VisualStudioVersion = 17.0.31912.275
MinimumVisualStudioVersion = 10.0.40219.1
Project("{FAE04EC0-301F-11D3-BF4B-00C04F79EFBC}") = "BlazorAppButton", "BlazorAppButton\BlazorAppButton.csproj", "{83810C06-F072-4F48-8FA8-436934A4289B}"
EndProject
Global
	GlobalSection(SolutionConfigurationPlatforms) = preSolution
		Debug|Any CPU = Debug|Any CPU
		Release|Any CPU = Release|Any CPU
	EndGlobalSection
	GlobalSection(ProjectConfigurationPlatforms) = postSolution
		{83810C06-F072-4F48-8FA8-436934A4289B}.Debug|Any CPU.ActiveCfg = Debug|Any CPU
		{83810C06-F072-4F48-8FA8-436934A4289B}.Debug|Any CPU.Build.0 = Debug|Any CPU
		{83810C06-F072-4F48-8FA8-436934A4289B}.Release|Any CPU.ActiveCfg = Release|Any CPU
		{83810C06-F072-4F48-8FA8-436934A4289B}.Release|Any CPU.Build.0 = Release|Any CPU
	EndGlobalSection
	GlobalSection(SolutionProperties) = preSolution
		HideSolutionNode = FALSE
	EndGlobalSection
	GlobalSection(ExtensibilityGlobals) = postSolution
		SolutionGuid = {BF90F6C1-8986-4838-A9CE-7C6FDDC1980D}
	EndGlobalSection
EndGlobal
